Microsoft Visual Studio Solution File, Format Version 12.00
# Visual Studio Version 17
VisualStudioVersion = 17.0.31903.59
MinimumVisualStudioVersion = 10.0.40219.1
Project("{9A19103F-16F7-4668-BE54-9A1E7A4F7556}") = "OIG.Domain", "src\OIG.Domain\OIG.Domain.csproj", "{2C0635EB-1A9B-493B-AC24-4686964DC463}"
EndProject
Project("{9A19103F-16F7-4668-BE54-9A1E7A4F7556}") = "OIG.Application", "src\OIG.Application\OIG.Application.csproj", "{14692178-F0B1-44E3-902E-F79D7514D8E5}"
EndProject
Project("{9A19103F-16F7-4668-BE54-9A1E7A4F7556}") = "OIG.Infrastructure", "src\OIG.Infrastructure\OIG.Infrastructure.csproj", "{FFF4B9BD-B2FF-425F-A621-2660C044B84E}"
EndProject
Project("{9A19103F-16F7-4668-BE54-9A1E7A4F7556}") = "OIG.WebApi", "src\OIG.WebApi\OIG.WebApi.csproj", "{1D378AB2-F46B-4F2D-AB08-1A69C47A55D2}"
EndProject
Project("{2150E333-8FDC-42A3-9474-1A3956D46DE8}") = "tests", "tests", "{0C6EFA72-AA6C-441F-920F-5E187CFA4B95}"
EndProject
Project("{FAE04EC0-301F-11D3-BF4B-00C04F79EFBC}") = "OIG.Application.Tests", "tests\OIG.Application.Tests\OIG.Application.Tests.csproj", "{2B9943B1-A3C1-4209-BBBD-3F56BA27922F}"
EndProject
Project("{FAE04EC0-301F-11D3-BF4B-00C04F79EFBC}") = "OIG.WebApi.IntegrationTests", "tests\OIG.WebApi.IntegrationTests\OIG.WebApi.IntegrationTests.csproj", "{E956C2B7-0E91-424C-B174-1DD3F2644BA3}"
EndProject
Project("{2150E333-8FDC-42A3-9474-1A3956D46DE8}") = "src", "src", "{8456A793-8073-42C9-9505-269BB4170C17}"
EndProject
Project("{FAE04EC0-301F-11D3-BF4B-00C04F79EFBC}") = "OIG.BlazorApp", "src\OIG.BlazorApp\OIG.BlazorApp.csproj", "{4D4CFE61-88B8-47F5-953F-CE2E6DE33DCF}"
EndProject
Global
	GlobalSection(SolutionConfigurationPlatforms) = preSolution
		Debug|Any CPU = Debug|Any CPU
		Release|Any CPU = Release|Any CPU
	EndGlobalSection
	GlobalSection(ProjectConfigurationPlatforms) = postSolution
		{2C0635EB-1A9B-493B-AC24-4686964DC463}.Debug|Any CPU.ActiveCfg = Debug|Any CPU
		{2C0635EB-1A9B-493B-AC24-4686964DC463}.Debug|Any CPU.Build.0 = Debug|Any CPU
		{2C0635EB-1A9B-493B-AC24-4686964DC463}.Release|Any CPU.ActiveCfg = Release|Any CPU
		{2C0635EB-1A9B-493B-AC24-4686964DC463}.Release|Any CPU.Build.0 = Release|Any CPU
		{14692178-F0B1-44E3-902E-F79D7514D8E5}.Debug|Any CPU.ActiveCfg = Debug|Any CPU
		{14692178-F0B1-44E3-902E-F79D7514D8E5}.Debug|Any CPU.Build.0 = Debug|Any CPU
		{14692178-F0B1-44E3-902E-F79D7514D8E5}.Release|Any CPU.ActiveCfg = Release|Any CPU
		{14692178-F0B1-44E3-902E-F79D7514D8E5}.Release|Any CPU.Build.0 = Release|Any CPU
		{FFF4B9BD-B2FF-425F-A621-2660C044B84E}.Debug|Any CPU.ActiveCfg = Debug|Any CPU
		{FFF4B9BD-B2FF-425F-A621-2660C044B84E}.Debug|Any CPU.Build.0 = Debug|Any CPU
		{FFF4B9BD-B2FF-425F-A621-2660C044B84E}.Release|Any CPU.ActiveCfg = Release|Any CPU
		{FFF4B9BD-B2FF-425F-A621-2660C044B84E}.Release|Any CPU.Build.0 = Release|Any CPU
		{1D378AB2-F46B-4F2D-AB08-1A69C47A55D2}.Debug|Any CPU.ActiveCfg = Debug|Any CPU
		{1D378AB2-F46B-4F2D-AB08-1A69C47A55D2}.Debug|Any CPU.Build.0 = Debug|Any CPU
		{1D378AB2-F46B-4F2D-AB08-1A69C47A55D2}.Release|Any CPU.ActiveCfg = Release|Any CPU
		{1D378AB2-F46B-4F2D-AB08-1A69C47A55D2}.Release|Any CPU.Build.0 = Release|Any CPU
		{2B9943B1-A3C1-4209-BBBD-3F56BA27922F}.Debug|Any CPU.ActiveCfg = Debug|Any CPU
		{2B9943B1-A3C1-4209-BBBD-3F56BA27922F}.Debug|Any CPU.Build.0 = Debug|Any CPU
		{2B9943B1-A3C1-4209-BBBD-3F56BA27922F}.Release|Any CPU.ActiveCfg = Release|Any CPU
		{2B9943B1-A3C1-4209-BBBD-3F56BA27922F}.Release|Any CPU.Build.0 = Release|Any CPU
		{E956C2B7-0E91-424C-B174-1DD3F2644BA3}.Debug|Any CPU.ActiveCfg = Debug|Any CPU
		{E956C2B7-0E91-424C-B174-1DD3F2644BA3}.Debug|Any CPU.Build.0 = Debug|Any CPU
		{E956C2B7-0E91-424C-B174-1DD3F2644BA3}.Release|Any CPU.ActiveCfg = Release|Any CPU
		{E956C2B7-0E91-424C-B174-1DD3F2644BA3}.Release|Any CPU.Build.0 = Release|Any CPU
		{4D4CFE61-88B8-47F5-953F-CE2E6DE33DCF}.Debug|Any CPU.ActiveCfg = Debug|Any CPU
		{4D4CFE61-88B8-47F5-953F-CE2E6DE33DCF}.Debug|Any CPU.Build.0 = Debug|Any CPU
		{4D4CFE61-88B8-47F5-953F-CE2E6DE33DCF}.Release|Any CPU.ActiveCfg = Release|Any CPU
		{4D4CFE61-88B8-47F5-953F-CE2E6DE33DCF}.Release|Any CPU.Build.0 = Release|Any CPU
	EndGlobalSection
	GlobalSection(SolutionProperties) = preSolution
		HideSolutionNode = FALSE
	EndGlobalSection
	GlobalSection(NestedProjects) = preSolution
		{2C0635EB-1A9B-493B-AC24-4686964DC463} = {8456A793-8073-42C9-9505-269BB4170C17}
		{14692178-F0B1-44E3-902E-F79D7514D8E5} = {8456A793-8073-42C9-9505-269BB4170C17}
		{FFF4B9BD-B2FF-425F-A621-2660C044B84E} = {8456A793-8073-42C9-9505-269BB4170C17}
		{1D378AB2-F46B-4F2D-AB08-1A69C47A55D2} = {8456A793-8073-42C9-9505-269BB4170C17}
		{4D4CFE61-88B8-47F5-953F-CE2E6DE33DCF} = {8456A793-8073-42C9-9505-269BB4170C17}
		{2B9943B1-A3C1-4209-BBBD-3F56BA27922F} = {0C6EFA72-AA6C-441F-920F-5E187CFA4B95}
		{E956C2B7-0E91-424C-B174-1DD3F2644BA3} = {0C6EFA72-AA6C-441F-920F-5E187CFA4B95}
	EndGlobalSection
EndGlobal
